github.com/12yanogden/maps v0.0.0-20231231151019-cf42bdb15e10 h1:nNkdA1b7T++cvNZTCYSib3GWHqbvxufcZU82a+/mrJg=
github.com/12yanogden/maps v0.0.0-20231231151019-cf42bdb15e10/go.mod h1:QGNtRv7a/qhHZFUx4JgZpw6Tywf601bgwbSlPouzxoI=
github.com/12yanogden/pairs v0.0.0-20231231154428-2489be8b2703 h1:WZm/jI5IPOLsst1L8Q7PJ0rC4X8oXP0M32Zo0sQ79rI=
github.com/12yanogden/pairs v0.0.0-20231231154428-2489be8b2703/go.mod h1:wjZ/h5YXqNZmK1pR5uJa4bgPbCHgEg5BwMkENp9184c=
